<?xml version="1.0" encoding="UTF-8"?>
<CONFIG>
  <ProjectOptions>
    <Version Value="12"/>
    <PathDelim Value="\"/>
    <General>
      <Title Value="brookdemo"/>
      <UseAppBundle Value="False"/>
      <ResourceType Value="res"/>
    </General>
    <BuildModes Active="Default">
      <Item Name="Default" Default="True"/>
    </BuildModes>
    <PublishOptions>
      <Version Value="2"/>
      <UseFileFilters Value="True"/>
    </PublishOptions>
    <RunParams>
      <FormatVersion Value="2"/>
    </RunParams>
    <RequiredPackages>
      <Item>
        <PackageName Value="BrookRT"/>
      </Item>
    </RequiredPackages>
    <Units>
      <Unit>
        <Filename Value="brookdemo.lpr"/>
        <IsPartOfProject Value="True"/>
        <EditorIndex Value="-1"/>
        <UsageCount Value="27"/>
      </Unit>
      <Unit>
        <Filename Value="unit1.pas"/>
        <IsPartOfProject Value="True"/>
        <UnitName Value="Unit1"/>
        <EditorIndex Value="-1"/>
        <TopLine Value="7"/>
        <CursorPos X="33" Y="25"/>
        <UsageCount Value="27"/>
      </Unit>
      <Unit>
        <Filename Value="unit2.pas"/>
        <IsPartOfProject Value="True"/>
        <UnitName Value="Unit2"/>
        <EditorIndex Value="-1"/>
        <CursorPos X="38" Y="25"/>
        <UsageCount Value="27"/>
      </Unit>
      <Unit>
        <Filename Value="unit3.pas"/>
        <IsPartOfProject Value="True"/>
        <UnitName Value="Unit3"/>
        <EditorIndex Value="-1"/>
        <TopLine Value="7"/>
        <CursorPos X="37" Y="25"/>
        <UsageCount Value="27"/>
      </Unit>
      <Unit>
        <Filename Value="unit4.pas"/>
        <IsPartOfProject Value="True"/>
        <ComponentName Value="BrookDataModule1"/>
        <HasResources Value="True"/>
        <ResourceBaseClass Value="DataModule"/>
        <UnitName Value="Unit4"/>
        <EditorIndex Value="-1"/>
        <TopLine Value="3"/>
        <UsageCount Value="27"/>
      </Unit>
      <Unit>
        <Filename Value="brokers.pas"/>
        <IsPartOfProject Value="True"/>
        <UnitName Value="Brokers"/>
        <EditorIndex Value="-1"/>
        <UsageCount Value="27"/>
      </Unit>
      <Unit>
        <Filename Value="404.html"/>
        <IsPartOfProject Value="True"/>
        <EditorIndex Value="-1"/>
        <UsageCount Value="27"/>
        <DefaultSyntaxHighlighter Value="HTML"/>
      </Unit>
      <Unit>
        <Filename Value="500.html"/>
        <IsPartOfProject Value="True"/>
        <EditorIndex Value="-1"/>
        <UsageCount Value="27"/>
        <DefaultSyntaxHighlighter Value="HTML"/>
      </Unit>
      <Unit>
        <Filename Value="..\..\brookfreepascal\brokers\brookfclhttpappbroker.pas"/>
        <UnitName Value="BrookFCLHttpAppBroker"/>
        <EditorIndex Value="-1"/>
        <TopLine Value="276"/>
        <CursorPos Y="284"/>
        <UsageCount Value="9"/>
      </Unit>
      <Unit>
        <Filename Value="..\..\brookfreepascal\core\brookrouter.pas"/>
        <UnitName Value="BrookRouter"/>
        <EditorIndex Value="-1"/>
        <TopLine Value="703"/>
        <CursorPos Y="716"/>
        <UsageCount Value="9"/>
      </Unit>
      <Unit>
        <Filename Value="D:\Lazarus\ide\lazarus.pp"/>
        <UnitName Value="Lazarus"/>
        <EditorIndex Value="-1"/>
        <TopLine Value="148"/>
        <CursorPos Y="171"/>
        <UsageCount Value="9"/>
      </Unit>
      <Unit>
        <Filename Value="..\mORMot2demo\httpserverraw.pas"/>
        <IsPartOfProject Value="True"/>
        <UnitName Value="httpServerRaw"/>
        <IsVisibleTab Value="True"/>
        <TopLine Value="40"/>
        <CursorPos X="2" Y="52"/>
        <UsageCount Value="27"/>
        <Loaded Value="True"/>
      </Unit>
    </Units>
    <JumpHistory HistoryIndex="1">
      <Position>
        <Filename Value="..\mORMot2demo\httpserverraw.pas"/>
        <Caret Column="20"/>
      </Position>
      <Position>
        <Filename Value="..\mORMot2demo\httpserverraw.pas"/>
        <Caret Line="52" Column="2" TopLine="40"/>
      </Position>
    </JumpHistory>
  </ProjectOptions>
  <CompilerOptions>
    <Version Value="11"/>
    <PathDelim Value="\"/>
    <Target>
      <Filename Value="brookdemo"/>
    </Target>
    <SearchPaths>
      <IncludeFiles Value="$(ProjOutDir)"/>
      <OtherUnitFiles Value="..\mORMot2demo"/>
    </SearchPaths>
    <Linking>
      <Debugging>
        <DebugInfoType Value="dsDwarf3"/>
      </Debugging>
    </Linking>
  </CompilerOptions>
  <Debugging>
    <Exceptions>
      <Item>
        <Name Value="EAbort"/>
      </Item>
      <Item>
        <Name Value="ECodetoolError"/>
      </Item>
      <Item>
        <Name Value="EFOpenError"/>
      </Item>
    </Exceptions>
  </Debugging>
</CONFIG>
