<?xml version="1.0" encoding="UTF-8"?>
<CONFIG>
  <ProjectOptions>
    <Version Value="12"/>
    <PathDelim Value="\"/>
    <General>
      <Title Value="brookemsrvdemo"/>
      <UseAppBundle Value="False"/>
      <ResourceType Value="res"/>
    </General>
    <BuildModes Active="Default">
      <Item Name="Default" Default="True"/>
    </BuildModes>
    <PublishOptions>
      <Version Value="2"/>
      <UseFileFilters Value="True"/>
    </PublishOptions>
    <RunParams>
      <FormatVersion Value="2"/>
    </RunParams>
    <RequiredPackages>
      <Item>
        <PackageName Value="BrookRT"/>
      </Item>
    </RequiredPackages>
    <Units>
      <Unit>
        <Filename Value="brookemsrvdemo.lpr"/>
        <IsPartOfProject Value="True"/>
        <EditorIndex Value="-1"/>
        <WindowIndex Value="-1"/>
        <TopLine Value="-1"/>
        <CursorPos X="-1" Y="-1"/>
        <UsageCount Value="20"/>
      </Unit>
      <Unit>
        <Filename Value="demo.pas"/>
        <IsPartOfProject Value="True"/>
        <ComponentName Value="BrookDataModule1"/>
        <ResourceBaseClass Value="DataModule"/>
        <UsageCount Value="20"/>
        <Loaded Value="True"/>
        <LoadedDesigner Value="True"/>
      </Unit>
      <Unit>
        <Filename Value="brokers.pas"/>
        <IsPartOfProject Value="True"/>
        <UnitName Value="Brokers"/>
        <EditorIndex Value="1"/>
        <CursorPos X="26" Y="13"/>
        <UsageCount Value="20"/>
        <Loaded Value="True"/>
      </Unit>
      <Unit>
        <Filename Value="..\..\brookfreepascal\brokers\brookfclhttpappbroker.pas"/>
        <UnitName Value="BrookFCLHttpAppBroker"/>
        <IsVisibleTab Value="True"/>
        <EditorIndex Value="3"/>
        <TopLine Value="195"/>
        <CursorPos Y="207"/>
        <UsageCount Value="10"/>
        <Loaded Value="True"/>
      </Unit>
      <Unit>
        <Filename Value="..\..\brookfreepascal\core\brookrouter.pas"/>
        <UnitName Value="BrookRouter"/>
        <EditorIndex Value="2"/>
        <TopLine Value="656"/>
        <CursorPos Y="726"/>
        <UsageCount Value="10"/>
        <Loaded Value="True"/>
      </Unit>
    </Units>
    <JumpHistory HistoryIndex="17">
      <Position>
        <Filename Value="brokers.pas"/>
      </Position>
      <Position>
        <Filename Value="brokers.pas"/>
        <Caret Line="13" Column="26"/>
      </Position>
      <Position>
        <Filename Value="..\..\brookfreepascal\core\brookrouter.pas"/>
        <Caret Line="726" TopLine="715"/>
      </Position>
      <Position>
        <Filename Value="..\..\brookfreepascal\core\brookrouter.pas"/>
        <Caret Line="792" TopLine="780"/>
      </Position>
      <Position>
        <Filename Value="..\..\brookfreepascal\core\brookrouter.pas"/>
        <Caret Line="794" TopLine="780"/>
      </Position>
      <Position>
        <Filename Value="..\..\brookfreepascal\core\brookrouter.pas"/>
        <Caret Line="801" TopLine="781"/>
      </Position>
      <Position>
        <Filename Value="..\..\brookfreepascal\core\brookrouter.pas"/>
        <Caret Line="716" TopLine="703"/>
      </Position>
      <Position>
        <Filename Value="..\..\brookfreepascal\brokers\brookfclhttpappbroker.pas"/>
        <Caret Line="287" TopLine="276"/>
      </Position>
      <Position>
        <Filename Value="..\..\brookfreepascal\brokers\brookfclhttpappbroker.pas"/>
        <Caret Line="284" TopLine="276"/>
      </Position>
      <Position>
        <Filename Value="..\..\brookfreepascal\brokers\brookfclhttpappbroker.pas"/>
        <Caret Line="286" TopLine="276"/>
      </Position>
      <Position>
        <Filename Value="..\..\brookfreepascal\brokers\brookfclhttpappbroker.pas"/>
        <Caret Line="287" TopLine="276"/>
      </Position>
      <Position>
        <Filename Value="..\..\brookfreepascal\brokers\brookfclhttpappbroker.pas"/>
        <Caret Line="254" TopLine="241"/>
      </Position>
      <Position>
        <Filename Value="..\..\brookfreepascal\brokers\brookfclhttpappbroker.pas"/>
        <Caret Line="289" TopLine="278"/>
      </Position>
      <Position>
        <Filename Value="..\..\brookfreepascal\brokers\brookfclhttpappbroker.pas"/>
        <Caret Line="254" TopLine="241"/>
      </Position>
      <Position>
        <Filename Value="..\..\brookfreepascal\brokers\brookfclhttpappbroker.pas"/>
        <Caret Line="289" TopLine="278"/>
      </Position>
      <Position>
        <Filename Value="..\..\brookfreepascal\brokers\brookfclhttpappbroker.pas"/>
        <Caret Line="161" TopLine="148"/>
      </Position>
      <Position>
        <Filename Value="demo.pas"/>
      </Position>
      <Position>
        <Filename Value="..\..\brookfreepascal\core\brookrouter.pas"/>
        <Caret Line="726" TopLine="656"/>
      </Position>
    </JumpHistory>
  </ProjectOptions>
  <CompilerOptions>
    <Version Value="11"/>
    <PathDelim Value="\"/>
    <Target>
      <Filename Value="brookemsrvdemo"/>
    </Target>
    <SearchPaths>
      <IncludeFiles Value="$(ProjOutDir)"/>
    </SearchPaths>
    <Linking>
      <Debugging>
        <DebugInfoType Value="dsDwarf3"/>
      </Debugging>
    </Linking>
  </CompilerOptions>
  <Debugging>
    <Exceptions>
      <Item>
        <Name Value="EAbort"/>
      </Item>
      <Item>
        <Name Value="ECodetoolError"/>
      </Item>
      <Item>
        <Name Value="EFOpenError"/>
      </Item>
    </Exceptions>
  </Debugging>
</CONFIG>
